// !$*UTF8*$!
{
	archiveVersion = 1;
	classes = {
	};
	objectVersion = 46;
	objects = {

/* Begin PBXBuildFile section */
		1E39C1DF1C654916004C1B04 /* main.m in Sources */ = {isa = PBXBuildFile; fileRef = 1E39C1DE1C654916004C1B04 /* main.m */; };
		1E39C1E21C654916004C1B04 /* AppDelegate.m in Sources */ = {isa = PBXBuildFile; fileRef = 1E39C1E11C654916004C1B04 /* AppDelegate.m */; };
		1E39C1E81C654916004C1B04 /* Main.storyboard in Resources */ = {isa = PBXBuildFile; fileRef = 1E39C1E61C654916004C1B04 /* Main.storyboard */; };
		1E39C1EA1C654916004C1B04 /* Assets.xcassets in Resources */ = {isa = PBXBuildFile; fileRef = 1E39C1E91C654916004C1B04 /* Assets.xcassets */; };
		1E39C1ED1C654916004C1B04 /* LaunchScreen.storyboard in Resources */ = {isa = PBXBuildFile; fileRef = 1E39C1EB1C654916004C1B04 /* LaunchScreen.storyboard */; };
		1E39C1F81C654917004C1B04 /* AR_RossierTests.m in Sources */ = {isa = PBXBuildFile; fileRef = 1E39C1F71C654917004C1B04 /* AR_RossierTests.m */; };
		1E39C2031C654917004C1B04 /* AR_RossierUITests.m in Sources */ = {isa = PBXBuildFile; fileRef = 1E39C2021C654917004C1B04 /* AR_RossierUITests.m */; };
		1E8223151C6912D900682473 /* TriggerTableViewController.m in Sources */ = {isa = PBXBuildFile; fileRef = 1E8223141C6912D900682473 /* TriggerTableViewController.m */; };
		611C0ACA1C6E8B2200546DA5 /* ImageRecognitionViewController.m in Sources */ = {isa = PBXBuildFile; fileRef = 611C0AC91C6E8B2200546DA5 /* ImageRecognitionViewController.m */; };
		6176DC281C69157E0053F231 /* LoginViewController.m in Sources */ = {isa = PBXBuildFile; fileRef = 6176DC271C69157E0053F231 /* LoginViewController.m */; };
		659D8DCA124D41100A56445C /* libPods.a in Frameworks */ = {isa = PBXBuildFile; fileRef = 39CE23F0C0260C5FF7FB79D7 /* libPods.a */; };
/* End PBXBuildFile section */

/* Begin PBXContainerItemProxy section */
		1E39C1F41C654917004C1B04 /* PBXContainerItemProxy */ = {
			isa = PBXContainerItemProxy;
			containerPortal = 1E39C1D21C654916004C1B04 /* Project object */;
			proxyType = 1;
			remoteGlobalIDString = 1E39C1D91C654916004C1B04;
			remoteInfo = AR_Rossier;
		};
		1E39C1FF1C654917004C1B04 /* PBXContainerItemProxy */ = {
			isa = PBXContainerItemProxy;
			containerPortal = 1E39C1D21C654916004C1B04 /* Project object */;
			proxyType = 1;
			remoteGlobalIDString = 1E39C1D91C654916004C1B04;
			remoteInfo = AR_Rossier;
		};
/* End PBXContainerItemProxy section */

/* Begin PBXFileReference section */
		1E39C1DA1C654916004C1B04 /* AR_Rossier.app */ = {isa = PBXFileReference; explicitFileType = wrapper.application; includeInIndex = 0; path = AR_Rossier.app; sourceTree = BUILT_PRODUCTS_DIR; };
		1E39C1DE1C654916004C1B04 /* main.m */ = {isa = PBXFileReference; lastKnownFileType = sourcecode.c.objc; path = main.m; sourceTree = "<group>"; };
		1E39C1E01C654916004C1B04 /* AppDelegate.h */ = {isa = PBXFileReference; lastKnownFileType = sourcecode.c.h; path = AppDelegate.h; sourceTree = "<group>"; };
		1E39C1E11C654916004C1B04 /* AppDelegate.m */ = {isa = PBXFileReference; lastKnownFileType = sourcecode.c.objc; path = AppDelegate.m; sourceTree = "<group>"; };
		1E39C1E71C654916004C1B04 /* Base */ = {isa = PBXFileReference; lastKnownFileType = file.storyboard; name = Base; path = Base.lproj/Main.storyboard; sourceTree = "<group>"; };
		1E39C1E91C654916004C1B04 /* Assets.xcassets */ = {isa = PBXFileReference; lastKnownFileType = folder.assetcatalog; path = Assets.xcassets; sourceTree = "<group>"; };
		1E39C1EC1C654916004C1B04 /* Base */ = {isa = PBXFileReference; lastKnownFileType = file.storyboard; name = Base; path = Base.lproj/LaunchScreen.storyboard; sourceTree = "<group>"; };
		1E39C1EE1C654916004C1B04 /* Info.plist */ = {isa = PBXFileReference; lastKnownFileType = text.plist.xml; path = Info.plist; sourceTree = "<group>"; };
		1E39C1F31C654917004C1B04 /* AR_RossierTests.xctest */ = {isa = PBXFileReference; explicitFileType = wrapper.cfbundle; includeInIndex = 0; path = AR_RossierTests.xctest; sourceTree = BUILT_PRODUCTS_DIR; };
		1E39C1F71C654917004C1B04 /* AR_RossierTests.m */ = {isa = PBXFileReference; lastKnownFileType = sourcecode.c.objc; path = AR_RossierTests.m; sourceTree = "<group>"; };
		1E39C1F91C654917004C1B04 /* Info.plist */ = {isa = PBXFileReference; lastKnownFileType = text.plist.xml; path = Info.plist; sourceTree = "<group>"; };
		1E39C1FE1C654917004C1B04 /* AR_RossierUITests.xctest */ = {isa = PBXFileReference; explicitFileType = wrapper.cfbundle; includeInIndex = 0; path = AR_RossierUITests.xctest; sourceTree = BUILT_PRODUCTS_DIR; };
		1E39C2021C654917004C1B04 /* AR_RossierUITests.m */ = {isa = PBXFileReference; lastKnownFileType = sourcecode.c.objc; path = AR_RossierUITests.m; sourceTree = "<group>"; };
		1E39C2041C654917004C1B04 /* Info.plist */ = {isa = PBXFileReference; lastKnownFileType = text.plist.xml; path = Info.plist; sourceTree = "<group>"; };
		1E8223131C6912D900682473 /* TriggerTableViewController.h */ = {isa = PBXFileReference; fileEncoding = 4; lastKnownFileType = sourcecode.c.h; path = TriggerTableViewController.h; sourceTree = "<group>"; };
		1E8223141C6912D900682473 /* TriggerTableViewController.m */ = {isa = PBXFileReference; fileEncoding = 4; lastKnownFileType = sourcecode.c.objc; path = TriggerTableViewController.m; sourceTree = "<group>"; };
		39CE23F0C0260C5FF7FB79D7 /* libPods.a */ = {isa = PBXFileReference; explicitFileType = archive.ar; includeInIndex = 0; path = libPods.a; sourceTree = BUILT_PRODUCTS_DIR; };
		611C0AC81C6E8B2200546DA5 /* ImageRecognitionViewController.h */ = {isa = PBXFileReference; fileEncoding = 4; lastKnownFileType = sourcecode.c.h; path = ImageRecognitionViewController.h; sourceTree = "<group>"; };
		611C0AC91C6E8B2200546DA5 /* ImageRecognitionViewController.m */ = {isa = PBXFileReference; fileEncoding = 4; lastKnownFileType = sourcecode.c.objc; path = ImageRecognitionViewController.m; sourceTree = "<group>"; };
		6176DC261C69157E0053F231 /* LoginViewController.h */ = {isa = PBXFileReference; fileEncoding = 4; lastKnownFileType = sourcecode.c.h; path = LoginViewController.h; sourceTree = "<group>"; };
		6176DC271C69157E0053F231 /* LoginViewController.m */ = {isa = PBXFileReference; fileEncoding = 4; lastKnownFileType = sourcecode.c.objc; path = LoginViewController.m; sourceTree = "<group>"; };
		B105C5A5AE3C559AA4BD7D84 /* Pods.release.xcconfig */ = {isa = PBXFileReference; includeInIndex = 1; lastKnownFileType = text.xcconfig; name = Pods.release.xcconfig; path = "Pods/Target Support Files/Pods/Pods.release.xcconfig"; sourceTree = "<group>"; };
		CEB7C10C66F0496A552CBE36 /* Pods.debug.xcconfig */ = {isa = PBXFileReference; includeInIndex = 1; lastKnownFileType = text.xcconfig; name = Pods.debug.xcconfig; path = "Pods/Target Support Files/Pods/Pods.debug.xcconfig"; sourceTree = "<group>"; };
/* End PBXFileReference section */

/* Begin PBXFrameworksBuildPhase section */
		1E39C1D71C654916004C1B04 /* Frameworks */ = {
			isa = PBXFrameworksBuildPhase;
			buildActionMask = 2147483647;
			files = (
				659D8DCA124D41100A56445C /* libPods.a in Frameworks */,
			);
			runOnlyForDeploymentPostprocessing = 0;
		};
		1E39C1F01C654917004C1B04 /* Frameworks */ = {
			isa = PBXFrameworksBuildPhase;
			buildActionMask = 2147483647;
			files = (
			);
			runOnlyForDeploymentPostprocessing = 0;
		};
		1E39C1FB1C654917004C1B04 /* Frameworks */ = {
			isa = PBXFrameworksBuildPhase;
			buildActionMask = 2147483647;
			files = (
			);
			runOnlyForDeploymentPostprocessing = 0;
		};
/* End PBXFrameworksBuildPhase section */

/* Begin PBXGroup section */
		1E39C1D11C654916004C1B04 = {
			isa = PBXGroup;
			children = (
				1E39C1DC1C654916004C1B04 /* AR_Rossier */,
				1E39C1F61C654917004C1B04 /* AR_RossierTests */,
				1E39C2011C654917004C1B04 /* AR_RossierUITests */,
				1E39C1DB1C654916004C1B04 /* Products */,
				4263A725BF875604C4A54462 /* Pods */,
				4CE131D011452EE60A5780E4 /* Frameworks */,
			);
			sourceTree = "<group>";
		};
		1E39C1DB1C654916004C1B04 /* Products */ = {
			isa = PBXGroup;
			children = (
				1E39C1DA1C654916004C1B04 /* AR_Rossier.app */,
				1E39C1F31C654917004C1B04 /* AR_RossierTests.xctest */,
				1E39C1FE1C654917004C1B04 /* AR_RossierUITests.xctest */,
			);
			name = Products;
			sourceTree = "<group>";
		};
		1E39C1DC1C654916004C1B04 /* AR_Rossier */ = {
			isa = PBXGroup;
			children = (
				1E39C1E01C654916004C1B04 /* AppDelegate.h */,
				1E39C1E11C654916004C1B04 /* AppDelegate.m */,
				6176DC261C69157E0053F231 /* LoginViewController.h */,
				6176DC271C69157E0053F231 /* LoginViewController.m */,
				611C0AC81C6E8B2200546DA5 /* ImageRecognitionViewController.h */,
				611C0AC91C6E8B2200546DA5 /* ImageRecognitionViewController.m */,
				1E8223131C6912D900682473 /* TriggerTableViewController.h */,
				1E8223141C6912D900682473 /* TriggerTableViewController.m */,
				1E39C1E61C654916004C1B04 /* Main.storyboard */,
				1E39C1E91C654916004C1B04 /* Assets.xcassets */,
				1E39C1EB1C654916004C1B04 /* LaunchScreen.storyboard */,
				1E39C1EE1C654916004C1B04 /* Info.plist */,
				1E39C1DD1C654916004C1B04 /* Supporting Files */,
			);
			path = AR_Rossier;
			sourceTree = "<group>";
		};
		1E39C1DD1C654916004C1B04 /* Supporting Files */ = {
			isa = PBXGroup;
			children = (
				1E39C1DE1C654916004C1B04 /* main.m */,
			);
			name = "Supporting Files";
			sourceTree = "<group>";
		};
		1E39C1F61C654917004C1B04 /* AR_RossierTests */ = {
			isa = PBXGroup;
			children = (
				1E39C1F71C654917004C1B04 /* AR_RossierTests.m */,
				1E39C1F91C654917004C1B04 /* Info.plist */,
			);
			path = AR_RossierTests;
			sourceTree = "<group>";
		};
		1E39C2011C654917004C1B04 /* AR_RossierUITests */ = {
			isa = PBXGroup;
			children = (
				1E39C2021C654917004C1B04 /* AR_RossierUITests.m */,
				1E39C2041C654917004C1B04 /* Info.plist */,
			);
			path = AR_RossierUITests;
			sourceTree = "<group>";
		};
		4263A725BF875604C4A54462 /* Pods */ = {
			isa = PBXGroup;
			children = (
				CEB7C10C66F0496A552CBE36 /* Pods.debug.xcconfig */,
				B105C5A5AE3C559AA4BD7D84 /* Pods.release.xcconfig */,
			);
			name = Pods;
			sourceTree = "<group>";
		};
		4CE131D011452EE60A5780E4 /* Frameworks */ = {
			isa = PBXGroup;
			children = (
				39CE23F0C0260C5FF7FB79D7 /* libPods.a */,
			);
			name = Frameworks;
			sourceTree = "<group>";
		};
/* End PBXGroup section */

/* Begin PBXNativeTarget section */
		1E39C1D91C654916004C1B04 /* AR_Rossier */ = {
			isa = PBXNativeTarget;
			buildConfigurationList = 1E39C2071C654917004C1B04 /* Build configuration list for PBXNativeTarget "AR_Rossier" */;
			buildPhases = (
				26F784806D9F1A12842C2986 /* Check Pods Manifest.lock */,
				1E39C1D61C654916004C1B04 /* Sources */,
				1E39C1D71C654916004C1B04 /* Frameworks */,
				1E39C1D81C654916004C1B04 /* Resources */,
				8E65A3942D61606DF8839710 /* Embed Pods Frameworks */,
				E3A53DE8B60B76A7B3DB99CD /* Copy Pods Resources */,
			);
			buildRules = (
			);
			dependencies = (
			);
			name = AR_Rossier;
			productName = AR_Rossier;
			productReference = 1E39C1DA1C654916004C1B04 /* AR_Rossier.app */;
			productType = "com.apple.product-type.application";
		};
		1E39C1F21C654917004C1B04 /* AR_RossierTests */ = {
			isa = PBXNativeTarget;
			buildConfigurationList = 1E39C20A1C654917004C1B04 /* Build configuration list for PBXNativeTarget "AR_RossierTests" */;
			buildPhases = (
				1E39C1EF1C654917004C1B04 /* Sources */,
				1E39C1F01C654917004C1B04 /* Frameworks */,
				1E39C1F11C654917004C1B04 /* Resources */,
			);
			buildRules = (
			);
			dependencies = (
				1E39C1F51C654917004C1B04 /* PBXTargetDependency */,
			);
			name = AR_RossierTests;
			productName = AR_RossierTests;
			productReference = 1E39C1F31C654917004C1B04 /* AR_RossierTests.xctest */;
			productType = "com.apple.product-type.bundle.unit-test";
		};
		1E39C1FD1C654917004C1B04 /* AR_RossierUITests */ = {
			isa = PBXNativeTarget;
			buildConfigurationList = 1E39C20D1C654917004C1B04 /* Build configuration list for PBXNativeTarget "AR_RossierUITests" */;
			buildPhases = (
				1E39C1FA1C654917004C1B04 /* Sources */,
				1E39C1FB1C654917004C1B04 /* Frameworks */,
				1E39C1FC1C654917004C1B04 /* Resources */,
			);
			buildRules = (
			);
			dependencies = (
				1E39C2001C654917004C1B04 /* PBXTargetDependency */,
			);
			name = AR_RossierUITests;
			productName = AR_RossierUITests;
			productReference = 1E39C1FE1C654917004C1B04 /* AR_RossierUITests.xctest */;
			productType = "com.apple.product-type.bundle.ui-testing";
		};
/* End PBXNativeTarget section */

/* Begin PBXProject section */
		1E39C1D21C654916004C1B04 /* Project object */ = {
			isa = PBXProject;
			attributes = {
				LastUpgradeCheck = 0720;
				ORGANIZATIONNAME = AR_Rossier;
				TargetAttributes = {
					1E39C1D91C654916004C1B04 = {
						CreatedOnToolsVersion = 7.2.1;
						DevelopmentTeam = 7684L3883Q;
					};
					1E39C1F21C654917004C1B04 = {
						CreatedOnToolsVersion = 7.2.1;
						TestTargetID = 1E39C1D91C654916004C1B04;
					};
					1E39C1FD1C654917004C1B04 = {
						CreatedOnToolsVersion = 7.2.1;
						TestTargetID = 1E39C1D91C654916004C1B04;
					};
				};
			};
			buildConfigurationList = 1E39C1D51C654916004C1B04 /* Build configuration list for PBXProject "AR_Rossier" */;
			compatibilityVersion = "Xcode 3.2";
			developmentRegion = English;
			hasScannedForEncodings = 0;
			knownRegions = (
				en,
				Base,
			);
			mainGroup = 1E39C1D11C654916004C1B04;
			productRefGroup = 1E39C1DB1C654916004C1B04 /* Products */;
			projectDirPath = "";
			projectRoot = "";
			targets = (
				1E39C1D91C654916004C1B04 /* AR_Rossier */,
				1E39C1F21C654917004C1B04 /* AR_RossierTests */,
				1E39C1FD1C654917004C1B04 /* AR_RossierUITests */,
			);
		};
/* End PBXProject section */

/* Begin PBXResourcesBuildPhase section */
		1E39C1D81C654916004C1B04 /* Resources */ = {
			isa = PBXResourcesBuildPhase;
			buildActionMask = 2147483647;
			files = (
				1E39C1ED1C654916004C1B04 /* LaunchScreen.storyboard in Resources */,
				1E39C1EA1C654916004C1B04 /* Assets.xcassets in Resources */,
				1E39C1E81C654916004C1B04 /* Main.storyboard in Resources */,
			);
			runOnlyForDeploymentPostprocessing = 0;
		};
		1E39C1F11C654917004C1B04 /* Resources */ = {
			isa = PBXResourcesBuildPhase;
			buildActionMask = 2147483647;
			files = (
			);
			runOnlyForDeploymentPostprocessing = 0;
		};
		1E39C1FC1C654917004C1B04 /* Resources */ = {
			isa = PBXResourcesBuildPhase;
			buildActionMask = 2147483647;
			files = (
			);
			runOnlyForDeploymentPostprocessing = 0;
		};
/* End PBXResourcesBuildPhase section */

/* Begin PBXShellScriptBuildPhase section */
		26F784806D9F1A12842C2986 /* Check Pods Manifest.lock */ = {
			isa = PBXShellScriptBuildPhase;
			buildActionMask = 2147483647;
			files = (
			);
			inputPaths = (
			);
			name = "Check Pods Manifest.lock";
			outputPaths = (
			);
			runOnlyForDeploymentPostprocessing = 0;
			shellPath = /bin/sh;
			shellScript = "diff \"${PODS_ROOT}/../Podfile.lock\" \"${PODS_ROOT}/Manifest.lock\" > /dev/null\nif [[ $? != 0 ]] ; then\n    cat << EOM\nerror: The sandbox is not in sync with the Podfile.lock. Run 'pod install' or update your CocoaPods installation.\nEOM\n    exit 1\nfi\n";
			showEnvVarsInLog = 0;
		};
		8E65A3942D61606DF8839710 /* Embed Pods Frameworks */ = {
			isa = PBXShellScriptBuildPhase;
			buildActionMask = 2147483647;
			files = (
			);
			inputPaths = (
			);
			name = "Embed Pods Frameworks";
			outputPaths = (
			);
			runOnlyForDeploymentPostprocessing = 0;
			shellPath = /bin/sh;
			shellScript = "\"${SRCROOT}/Pods/Target Support Files/Pods/Pods-frameworks.sh\"\n";
			showEnvVarsInLog = 0;
		};
		E3A53DE8B60B76A7B3DB99CD /* Copy Pods Resources */ = {
			isa = PBXShellScriptBuildPhase;
			buildActionMask = 2147483647;
			files = (
			);
			inputPaths = (
			);
			name = "Copy Pods Resources";
			outputPaths = (
			);
			runOnlyForDeploymentPostprocessing = 0;
			shellPath = /bin/sh;
			shellScript = "\"${SRCROOT}/Pods/Target Support Files/Pods/Pods-resources.sh\"\n";
			showEnvVarsInLog = 0;
		};
/* End PBXShellScriptBuildPhase section */

/* Begin PBXSourcesBuildPhase section */
		1E39C1D61C654916004C1B04 /* Sources */ = {
			isa = PBXSourcesBuildPhase;
			buildActionMask = 2147483647;
			files = (
				6176DC281C69157E0053F231 /* LoginViewController.m in Sources */,
				1E39C1E21C654916004C1B04 /* AppDelegate.m in Sources */,
				611C0ACA1C6E8B2200546DA5 /* ImageRecognitionViewController.m in Sources */,
				1E8223151C6912D900682473 /* TriggerTableViewController.m in Sources */,
				1E39C1DF1C654916004C1B04 /* main.m in Sources */,
			);
			runOnlyForDeploymentPostprocessing = 0;
		};
		1E39C1EF1C654917004C1B04 /* Sources */ = {
			isa = PBXSourcesBuildPhase;
			buildActionMask = 2147483647;
			files = (
				1E39C1F81C654917004C1B04 /* AR_RossierTests.m in Sources */,
			);
			runOnlyForDeploymentPostprocessing = 0;
		};
		1E39C1FA1C654917004C1B04 /* Sources */ = {
			isa = PBXSourcesBuildPhase;
			buildActionMask = 2147483647;
			files = (
				1E39C2031C654917004C1B04 /* AR_RossierUITests.m in Sources */,
			);
			runOnlyForDeploymentPostprocessing = 0;
		};
/* End PBXSourcesBuildPhase section */

/* Begin PBXTargetDependency section */
		1E39C1F51C654917004C1B04 /* PBXTargetDependency */ = {
			isa = PBXTargetDependency;
			target = 1E39C1D91C654916004C1B04 /* AR_Rossier */;
			targetProxy = 1E39C1F41C654917004C1B04 /* PBXContainerItemProxy */;
		};
		1E39C2001C654917004C1B04 /* PBXTargetDependency */ = {
			isa = PBXTargetDependency;
			target = 1E39C1D91C654916004C1B04 /* AR_Rossier */;
			targetProxy = 1E39C1FF1C654917004C1B04 /* PBXContainerItemProxy */;
		};
/* End PBXTargetDependency section */

/* Begin PBXVariantGroup section */
		1E39C1E61C654916004C1B04 /* Main.storyboard */ = {
			isa = PBXVariantGroup;
			children = (
				1E39C1E71C654916004C1B04 /* Base */,
			);
			name = Main.storyboard;
			sourceTree = "<group>";
		};
		1E39C1EB1C654916004C1B04 /* LaunchScreen.storyboard */ = {
			isa = PBXVariantGroup;
			children = (
				1E39C1EC1C654916004C1B04 /* Base */,
			);
			name = LaunchScreen.storyboard;
			sourceTree = "<group>";
		};
/* End PBXVariantGroup section */

/* Begin XCBuildConfiguration section */
		1E39C2051C654917004C1B04 /* Debug */ = {
			isa = XCBuildConfiguration;
			buildSettings = {
				ALWAYS_SEARCH_USER_PATHS = NO;
				CLANG_CXX_LANGUAGE_STANDARD = "gnu++0x";
				CLANG_CXX_LIBRARY = "libc++";
				CLANG_ENABLE_MODULES = YES;
				CLANG_ENABLE_OBJC_ARC = YES;
				CLANG_WARN_BOOL_CONVERSION = YES;
				CLANG_WARN_CONSTANT_CONVERSION = YES;
				CLANG_WARN_DIRECT_OBJC_ISA_USAGE = YES_ERROR;
				CLANG_WARN_EMPTY_BODY = YES;
				CLANG_WARN_ENUM_CONVERSION = YES;
				CLANG_WARN_INT_CONVERSION = YES;
				CLANG_WARN_OBJC_ROOT_CLASS = YES_ERROR;
				CLANG_WARN_UNREACHABLE_CODE = YES;
				CLANG_WARN__DUPLICATE_METHOD_MATCH = YES;
				"CODE_SIGN_IDENTITY[sdk=iphoneos*]" = "iPhone Developer";
				COPY_PHASE_STRIP = NO;
				DEBUG_INFORMATION_FORMAT = dwarf;
				ENABLE_STRICT_OBJC_MSGSEND = YES;
				ENABLE_TESTABILITY = YES;
				GCC_C_LANGUAGE_STANDARD = gnu99;
				GCC_DYNAMIC_NO_PIC = NO;
				GCC_NO_COMMON_BLOCKS = YES;
				GCC_OPTIMIZATION_LEVEL = 0;
				GCC_PREPROCESSOR_DEFINITIONS = (
					"DEBUG=1",
					"$(inherited)",
				);
				GCC_WARN_64_TO_32_BIT_CONVERSION = YES;
				GCC_WARN_ABOUT_RETURN_TYPE = YES_ERROR;
				GCC_WARN_UNDECLARED_SELECTOR = YES;
				GCC_WARN_UNINITIALIZED_AUTOS = YES_AGGRESSIVE;
				GCC_WARN_UNUSED_FUNCTION = YES;
				GCC_WARN_UNUSED_VARIABLE = YES;
				IPHONEOS_DEPLOYMENT_TARGET = 9.2;
				MTL_ENABLE_DEBUG_INFO = YES;
				ONLY_ACTIVE_ARCH = YES;
				SDKROOT = iphoneos;
				TARGETED_DEVICE_FAMILY = "1,2";
			};
			name = Debug;
		};
		1E39C2061C654917004C1B04 /* Release */ = {
			isa = XCBuildConfiguration;
			buildSettings = {
				ALWAYS_SEARCH_USER_PATHS = NO;
				CLANG_CXX_LANGUAGE_STANDARD = "gnu++0x";
				CLANG_CXX_LIBRARY = "libc++";
				CLANG_ENABLE_MODULES = YES;
				CLANG_ENABLE_OBJC_ARC = YES;
				CLANG_WARN_BOOL_CONVERSION = YES;
				CLANG_WARN_CONSTANT_CONVERSION = YES;
				CLANG_WARN_DIRECT_OBJC_ISA_USAGE = YES_ERROR;
				CLANG_WARN_EMPTY_BODY = YES;
				CLANG_WARN_ENUM_CONVERSION = YES;
				CLANG_WARN_INT_CONVERSION = YES;
				CLANG_WARN_OBJC_ROOT_CLASS = YES_ERROR;
				CLANG_WARN_UNREACHABLE_CODE = YES;
				CLANG_WARN__DUPLICATE_METHOD_MATCH = YES;
				"CODE_SIGN_IDENTITY[sdk=iphoneos*]" = "iPhone Developer";
				COPY_PHASE_STRIP = NO;
				DEBUG_INFORMATION_FORMAT = "dwarf-with-dsym";
				ENABLE_NS_ASSERTIONS = NO;
				ENABLE_STRICT_OBJC_MSGSEND = YES;
				GCC_C_LANGUAGE_STANDARD = gnu99;
				GCC_NO_COMMON_BLOCKS = YES;
				GCC_WARN_64_TO_32_BIT_CONVERSION = YES;
				GCC_WARN_ABOUT_RETURN_TYPE = YES_ERROR;
				GCC_WARN_UNDECLARED_SELECTOR = YES;
				GCC_WARN_UNINITIALIZED_AUTOS = YES_AGGRESSIVE;
				GCC_WARN_UNUSED_FUNCTION = YES;
				GCC_WARN_UNUSED_VARIABLE = YES;
				IPHONEOS_DEPLOYMENT_TARGET = 9.2;
				MTL_ENABLE_DEBUG_INFO = NO;
				SDKROOT = iphoneos;
				TARGETED_DEVICE_FAMILY = "1,2";
				VALIDATE_PRODUCT = YES;
			};
			name = Release;
		};
		1E39C2081C654917004C1B04 /* Debug */ = {
			isa = XCBuildConfiguration;
			baseConfigurationReference = CEB7C10C66F0496A552CBE36 /* Pods.debug.xcconfig */;
			buildSettings = {
				ASSETCATALOG_COMPILER_APPICON_NAME = AppIcon;
				CODE_SIGN_IDENTITY = "iPhone Developer";
				ENABLE_BITCODE = NO;
				INFOPLIST_FILE = AR_Rossier/Info.plist;
				LD_RUNPATH_SEARCH_PATHS = "$(inherited) @executable_path/Frameworks";
				PRODUCT_BUNDLE_IDENTIFIER = "ITP342.AR-Rossier";
				PRODUCT_NAME = "$(TARGET_NAME)";
			};
			name = Debug;
		};
		1E39C2091C654917004C1B04 /* Release */ = {
			isa = XCBuildConfiguration;
			baseConfigurationReference = B105C5A5AE3C559AA4BD7D84 /* Pods.release.xcconfig */;
			buildSettings = {
				ASSETCATALOG_COMPILER_APPICON_NAME = AppIcon;
				CODE_SIGN_IDENTITY = "iPhone Developer";
				ENABLE_BITCODE = NO;
				INFOPLIST_FILE = AR_Rossier/Info.plist;
				LD_RUNPATH_SEARCH_PATHS = "$(inherited) @executable_path/Frameworks";
				PRODUCT_BUNDLE_IDENTIFIER = "ITP342.AR-Rossier";
				PRODUCT_NAME = "$(TARGET_NAME)";
			};
			name = Release;
		};
		1E39C20B1C654917004C1B04 /* Debug */ = {
			isa = XCBuildConfiguration;
			buildSettings = {
				BUNDLE_LOADER = "$(TEST_HOST)";
				INFOPLIST_FILE = AR_RossierTests/Info.plist;
				LD_RUNPATH_SEARCH_PATHS = "$(inherited) @executable_path/Frameworks @loader_path/Frameworks";
				PRODUCT_BUNDLE_IDENTIFIER = "ITP342.AR-RossierTests";
				PRODUCT_NAME = "$(TARGET_NAME)";
				TEST_HOST = "$(BUILT_PRODUCTS_DIR)/AR_Rossier.app/AR_Rossier";
			};
			name = Debug;
		};
		1E39C20C1C654917004C1B04 /* Release */ = {
			isa = XCBuildConfiguration;
			buildSettings = {
				BUNDLE_LOADER = "$(TEST_HOST)";
				INFOPLIST_FILE = AR_RossierTests/Info.plist;
				LD_RUNPATH_SEARCH_PATHS = "$(inherited) @executable_path/Frameworks @loader_path/Frameworks";
				PRODUCT_BUNDLE_IDENTIFIER = "ITP342.AR-RossierTests";
				PRODUCT_NAME = "$(TARGET_NAME)";
				TEST_HOST = "$(BUILT_PRODUCTS_DIR)/AR_Rossier.app/AR_Rossier";
			};
			name = Release;
		};
		1E39C20E1C654917004C1B04 /* Debug */ = {
			isa = XCBuildConfiguration;
			buildSettings = {
				INFOPLIST_FILE = AR_RossierUITests/Info.plist;
				LD_RUNPATH_SEARCH_PATHS = "$(inherited) @executable_path/Frameworks @loader_path/Frameworks";
				PRODUCT_BUNDLE_IDENTIFIER = "ITP342.AR-RossierUITests";
				PRODUCT_NAME = "$(TARGET_NAME)";
				TEST_TARGET_NAME = AR_Rossier;
				USES_XCTRUNNER = YES;
			};
			name = Debug;
		};
		1E39C20F1C654917004C1B04 /* Release */ = {
			isa = XCBuildConfiguration;
			buildSettings = {
				INFOPLIST_FILE = AR_RossierUITests/Info.plist;
				LD_RUNPATH_SEARCH_PATHS = "$(inherited) @executable_path/Frameworks @loader_path/Frameworks";
				PRODUCT_BUNDLE_IDENTIFIER = "ITP342.AR-RossierUITests";
				PRODUCT_NAME = "$(TARGET_NAME)";
				TEST_TARGET_NAME = AR_Rossier;
				USES_XCTRUNNER = YES;
			};
			name = Release;
		};
/* End XCBuildConfiguration section */

/* Begin XCConfigurationList section */
		1E39C1D51C654916004C1B04 /* Build configuration list for PBXProject "AR_Rossier" */ = {
			isa = XCConfigurationList;
			buildConfigurations = (
				1E39C2051C654917004C1B04 /* Debug */,
				1E39C2061C654917004C1B04 /* Release */,
			);
			defaultConfigurationIsVisible = 0;
			defaultConfigurationName = Release;
		};
		1E39C2071C654917004C1B04 /* Build configuration list for PBXNativeTarget "AR_Rossier" */ = {
			isa = XCConfigurationList;
			buildConfigurations = (
				1E39C2081C654917004C1B04 /* Debug */,
				1E39C2091C654917004C1B04 /* Release */,
			);
			defaultConfigurationIsVisible = 0;
			defaultConfigurationName = Release;
		};
		1E39C20A1C654917004C1B04 /* Build configuration list for PBXNativeTarget "AR_RossierTests" */ = {
			isa = XCConfigurationList;
			buildConfigurations = (
				1E39C20B1C654917004C1B04 /* Debug */,
				1E39C20C1C654917004C1B04 /* Release */,
			);
			defaultConfigurationIsVisible = 0;
			defaultConfigurationName = Release;
		};
		1E39C20D1C654917004C1B04 /* Build configuration list for PBXNativeTarget "AR_RossierUITests" */ = {
			isa = XCConfigurationList;
			buildConfigurations = (
				1E39C20E1C654917004C1B04 /* Debug */,
				1E39C20F1C654917004C1B04 /* Release */,
			);
			defaultConfigurationIsVisible = 0;
			defaultConfigurationName = Release;
		};
/* End XCConfigurationList section */
	};
	rootObject = 1E39C1D21C654916004C1B04 /* Project object */;
}
